
Microsoft Visual Studio Solution File, Format Version 12.00
# Visual Studio Version 17
VisualStudioVersion = 17.4.33103.184
MinimumVisualStudioVersion = 10.0.40219.1
Project("{FAE04EC0-301F-11D3-BF4B-00C04F79EFBC}") = "LibraryApp", "LibraryApp.csproj", "{CC4CDF10-496F-4B03-BA1D-C3CFEC85B0A0}"
EndProject
Global
	GlobalSection(SolutionConfigurationPlatforms) = preSolution
		Debug|Any CPU = Debug|Any CPU
		Release|Any CPU = Release|Any CPU
	EndGlobalSection
	GlobalSection(ProjectConfigurationPlatforms) = postSolution
		{CC4CDF10-496F-4B03-BA1D-C3CFEC85B0A0}.Debug|Any CPU.ActiveCfg = Debug|Any CPU
		{CC4CDF10-496F-4B03-BA1D-C3CFEC85B0A0}.Debug|Any CPU.Build.0 = Debug|Any CPU
		{CC4CDF10-496F-4B03-BA1D-C3CFEC85B0A0}.Release|Any CPU.ActiveCfg = Release|Any CPU
		{CC4CDF10-496F-4B03-BA1D-C3CFEC85B0A0}.Release|Any CPU.Build.0 = Release|Any CPU
	EndGlobalSection
	GlobalSection(SolutionProperties) = preSolution
		HideSolutionNode = FALSE
	EndGlobalSection
	GlobalSection(ExtensibilityGlobals) = postSolution
		SolutionGuid = {294236A7-43B6-4A07-9901-AB27E7915773}
	EndGlobalSection
EndGlobal
